
Microsoft Visual Studio Solution File, Format Version 12.00
# Visual Studio Version 16
VisualStudioVersion = 16.0.29306.81
MinimumVisualStudioVersion = 10.0.40219.1
Project("{FAE04EC0-301F-11D3-BF4B-00C04F79EFBC}") = "A20 Ex01 Maayan 312275431 Yarden 204623284", "A20 Ex01 Maayan 312275431 Yarden 204623284\A20 Ex01 Maayan 312275431 Yarden 204623284.csproj", "{6259332B-AA56-4480-8A52-026D155AFE29}"
EndProject
Project("{2150E333-8FDC-42A3-9474-1A3956D46DE8}") = "Solution Items", "Solution Items", "{DA291B41-CF51-4A00-88F0-987C0D9F9F91}"
	ProjectSection(SolutionItems) = preProject
		A20 Ex01 Maayan 312275431 Yarden 204623284\DLLs\Facebook.dll = A20 Ex01 Maayan 312275431 Yarden 204623284\DLLs\Facebook.dll
		A20 Ex01 Maayan 312275431 Yarden 204623284\DLLs\FbGraphApiWrapper.dll = A20 Ex01 Maayan 312275431 Yarden 204623284\DLLs\FbGraphApiWrapper.dll
	EndProjectSection
EndProject
Project("{2150E333-8FDC-42A3-9474-1A3956D46DE8}") = "Diagrams", "Diagrams", "{B42BE50D-D237-49F6-B884-C792518E166B}"
	ProjectSection(SolutionItems) = preProject
		A20 Ex01 Maayan 312275431 Yarden 204623284\Diagrams\PoolMyRideJoinExisting Diagram.jpg = A20 Ex01 Maayan 312275431 Yarden 204623284\Diagrams\PoolMyRideJoinExisting Diagram.jpg
		A20 Ex01 Maayan 312275431 Yarden 204623284\Diagrams\Seq Find Places Ex1 Diagram.jpg = A20 Ex01 Maayan 312275431 Yarden 204623284\Diagrams\Seq Find Places Ex1 Diagram.jpg
		A20 Ex01 Maayan 312275431 Yarden 204623284\Diagrams\UC Ex1 Diagram.jpg = A20 Ex01 Maayan 312275431 Yarden 204623284\Diagrams\UC Ex1 Diagram.jpg
	EndProjectSection
EndProject
Global
	GlobalSection(SolutionConfigurationPlatforms) = preSolution
		Debug|Any CPU = Debug|Any CPU
		Release|Any CPU = Release|Any CPU
	EndGlobalSection
	GlobalSection(ProjectConfigurationPlatforms) = postSolution
		{6259332B-AA56-4480-8A52-026D155AFE29}.Debug|Any CPU.ActiveCfg = Debug|Any CPU
		{6259332B-AA56-4480-8A52-026D155AFE29}.Debug|Any CPU.Build.0 = Debug|Any CPU
		{6259332B-AA56-4480-8A52-026D155AFE29}.Release|Any CPU.ActiveCfg = Release|Any CPU
		{6259332B-AA56-4480-8A52-026D155AFE29}.Release|Any CPU.Build.0 = Release|Any CPU
	EndGlobalSection
	GlobalSection(SolutionProperties) = preSolution
		HideSolutionNode = FALSE
	EndGlobalSection
	GlobalSection(ExtensibilityGlobals) = postSolution
		SolutionGuid = {813EC39B-638F-408E-B489-4EF45D25349A}
	EndGlobalSection
EndGlobal
